
Microsoft Visual Studio Solution File, Format Version 12.00
# Visual Studio Version 17
VisualStudioVersion = 17.0.31912.275
MinimumVisualStudioVersion = 10.0.40219.1
Project("{FAE04EC0-301F-11D3-BF4B-00C04F79EFBC}") = "plantilla_app_web", "plantilla_app_web\plantilla_app_web.csproj", "{83D87B58-D883-4847-BE59-3BD347BE6B60}"
EndProject
Project("{FAE04EC0-301F-11D3-BF4B-00C04F79EFBC}") = "Domain", "Domain\Domain.csproj", "{0E3D4632-D79F-4D9D-B3CF-1E9A311E2A18}"
EndProject
Project("{FAE04EC0-301F-11D3-BF4B-00C04F79EFBC}") = "Infrastructure", "Infrastructure\Infrastructure.csproj", "{DF1C7D90-3BFB-42A6-9A25-3CEEBE477801}"
EndProject
Global
	GlobalSection(SolutionConfigurationPlatforms) = preSolution
		Debug|Any CPU = Debug|Any CPU
		Release|Any CPU = Release|Any CPU
	EndGlobalSection
	GlobalSection(ProjectConfigurationPlatforms) = postSolution
		{83D87B58-D883-4847-BE59-3BD347BE6B60}.Debug|Any CPU.ActiveCfg = Debug|Any CPU
		{83D87B58-D883-4847-BE59-3BD347BE6B60}.Debug|Any CPU.Build.0 = Debug|Any CPU
		{83D87B58-D883-4847-BE59-3BD347BE6B60}.Release|Any CPU.ActiveCfg = Release|Any CPU
		{83D87B58-D883-4847-BE59-3BD347BE6B60}.Release|Any CPU.Build.0 = Release|Any CPU
		{0E3D4632-D79F-4D9D-B3CF-1E9A311E2A18}.Debug|Any CPU.ActiveCfg = Debug|Any CPU
		{0E3D4632-D79F-4D9D-B3CF-1E9A311E2A18}.Debug|Any CPU.Build.0 = Debug|Any CPU
		{0E3D4632-D79F-4D9D-B3CF-1E9A311E2A18}.Release|Any CPU.ActiveCfg = Release|Any CPU
		{0E3D4632-D79F-4D9D-B3CF-1E9A311E2A18}.Release|Any CPU.Build.0 = Release|Any CPU
		{DF1C7D90-3BFB-42A6-9A25-3CEEBE477801}.Debug|Any CPU.ActiveCfg = Debug|Any CPU
		{DF1C7D90-3BFB-42A6-9A25-3CEEBE477801}.Debug|Any CPU.Build.0 = Debug|Any CPU
		{DF1C7D90-3BFB-42A6-9A25-3CEEBE477801}.Release|Any CPU.ActiveCfg = Release|Any CPU
		{DF1C7D90-3BFB-42A6-9A25-3CEEBE477801}.Release|Any CPU.Build.0 = Release|Any CPU
	EndGlobalSection
	GlobalSection(SolutionProperties) = preSolution
		HideSolutionNode = FALSE
	EndGlobalSection
	GlobalSection(ExtensibilityGlobals) = postSolution
		SolutionGuid = {F3EA51E2-5850-40F9-951C-A02EDF5E4639}
	EndGlobalSection
EndGlobal
